
Microsoft Visual Studio Solution File, Format Version 12.00
# Visual Studio Version 16
VisualStudioVersion = 16.0.30621.155
MinimumVisualStudioVersion = 10.0.40219.1
Project("{FAE04EC0-301F-11D3-BF4B-00C04F79EFBC}") = "WpfCalendar", "WpfCalendar.csproj", "{D57FACA7-3D62-433B-B62F-4BBBA6B5CA78}"
EndProject
Global
	GlobalSection(SolutionConfigurationPlatforms) = preSolution
		Debug|Any CPU = Debug|Any CPU
		Release|Any CPU = Release|Any CPU
	EndGlobalSection
	GlobalSection(ProjectConfigurationPlatforms) = postSolution
		{D57FACA7-3D62-433B-B62F-4BBBA6B5CA78}.Debug|Any CPU.ActiveCfg = Debug|Any CPU
		{D57FACA7-3D62-433B-B62F-4BBBA6B5CA78}.Debug|Any CPU.Build.0 = Debug|Any CPU
		{D57FACA7-3D62-433B-B62F-4BBBA6B5CA78}.Release|Any CPU.ActiveCfg = Release|Any CPU
		{D57FACA7-3D62-433B-B62F-4BBBA6B5CA78}.Release|Any CPU.Build.0 = Release|Any CPU
	EndGlobalSection
	GlobalSection(SolutionProperties) = preSolution
		HideSolutionNode = FALSE
	EndGlobalSection
	GlobalSection(ExtensibilityGlobals) = postSolution
		SolutionGuid = {4B3AD075-5DFE-4084-A539-B8428FAE2F9C}
	EndGlobalSection
EndGlobal
